
Microsoft Visual Studio Solution File, Format Version 12.00
# Visual Studio 15
VisualStudioVersion = 15.0.27004.2009
MinimumVisualStudioVersion = 10.0.40219.1
Project("{FAE04EC0-301F-11D3-BF4B-00C04F79EFBC}") = "Workshop.Serverless", "Workshop.Serverless\Workshop.Serverless.csproj", "{6AB9CEC9-EA7A-43A6-AD57-682D2309E4E9}"
EndProject
Project("{FAE04EC0-301F-11D3-BF4B-00C04F79EFBC}") = "Workshop.Shared.Data", "Workshop.Data\Workshop.Shared.Data.csproj", "{A483CE67-9A5B-4332-B3AF-400A125BA7D9}"
EndProject
Project("{FAE04EC0-301F-11D3-BF4B-00C04F79EFBC}") = "Workshop.Serverless.Utilities", "Workshop.Serverless.Utilities\Workshop.Serverless.Utilities.csproj", "{74DA0775-200B-42F4-B4BA-CC3ED25E4B8D}"
EndProject
Project("{2150E333-8FDC-42A3-9474-1A3956D46DE8}") = "Workshop.Shared", "Workshop.Shared", "{ACD59BD0-18B9-4B7F-877D-BB0A15DD1C11}"
EndProject
Project("{FAE04EC0-301F-11D3-BF4B-00C04F79EFBC}") = "Workshop.Serverless.Configurations", "Workshop.Serverless.Configurations\Workshop.Serverless.Configurations.csproj", "{1CC66889-2728-4FDA-941C-BBF4A4499F27}"
EndProject
Global
	GlobalSection(SolutionConfigurationPlatforms) = preSolution
		Debug|Any CPU = Debug|Any CPU
		Release|Any CPU = Release|Any CPU
	EndGlobalSection
	GlobalSection(ProjectConfigurationPlatforms) = postSolution
		{6AB9CEC9-EA7A-43A6-AD57-682D2309E4E9}.Debug|Any CPU.ActiveCfg = Debug|Any CPU
		{6AB9CEC9-EA7A-43A6-AD57-682D2309E4E9}.Debug|Any CPU.Build.0 = Debug|Any CPU
		{6AB9CEC9-EA7A-43A6-AD57-682D2309E4E9}.Release|Any CPU.ActiveCfg = Release|Any CPU
		{6AB9CEC9-EA7A-43A6-AD57-682D2309E4E9}.Release|Any CPU.Build.0 = Release|Any CPU
		{A483CE67-9A5B-4332-B3AF-400A125BA7D9}.Debug|Any CPU.ActiveCfg = Debug|Any CPU
		{A483CE67-9A5B-4332-B3AF-400A125BA7D9}.Debug|Any CPU.Build.0 = Debug|Any CPU
		{A483CE67-9A5B-4332-B3AF-400A125BA7D9}.Release|Any CPU.ActiveCfg = Release|Any CPU
		{A483CE67-9A5B-4332-B3AF-400A125BA7D9}.Release|Any CPU.Build.0 = Release|Any CPU
		{74DA0775-200B-42F4-B4BA-CC3ED25E4B8D}.Debug|Any CPU.ActiveCfg = Debug|Any CPU
		{74DA0775-200B-42F4-B4BA-CC3ED25E4B8D}.Debug|Any CPU.Build.0 = Debug|Any CPU
		{74DA0775-200B-42F4-B4BA-CC3ED25E4B8D}.Release|Any CPU.ActiveCfg = Release|Any CPU
		{74DA0775-200B-42F4-B4BA-CC3ED25E4B8D}.Release|Any CPU.Build.0 = Release|Any CPU
		{1CC66889-2728-4FDA-941C-BBF4A4499F27}.Debug|Any CPU.ActiveCfg = Debug|Any CPU
		{1CC66889-2728-4FDA-941C-BBF4A4499F27}.Debug|Any CPU.Build.0 = Debug|Any CPU
		{1CC66889-2728-4FDA-941C-BBF4A4499F27}.Release|Any CPU.ActiveCfg = Release|Any CPU
		{1CC66889-2728-4FDA-941C-BBF4A4499F27}.Release|Any CPU.Build.0 = Release|Any CPU
	EndGlobalSection
	GlobalSection(SolutionProperties) = preSolution
		HideSolutionNode = FALSE
	EndGlobalSection
	GlobalSection(NestedProjects) = preSolution
		{A483CE67-9A5B-4332-B3AF-400A125BA7D9} = {ACD59BD0-18B9-4B7F-877D-BB0A15DD1C11}
	EndGlobalSection
	GlobalSection(ExtensibilityGlobals) = postSolution
		SolutionGuid = {8939F644-E6F0-4CCE-AE60-C72447A12B14}
	EndGlobalSection
EndGlobal
